
Microsoft Visual Studio Solution File, Format Version 12.00
# Visual Studio Version 17
VisualStudioVersion = 17.3.32825.248
MinimumVisualStudioVersion = 10.0.40219.1
Project("{FAE04EC0-301F-11D3-BF4B-00C04F79EFBC}") = "Public", "Public\Public.csproj", "{B4A0317D-BB2F-4BC9-A3BE-1418F7B14FA3}"
EndProject
Project("{FAE04EC0-301F-11D3-BF4B-00C04F79EFBC}") = "Admin", "Admin\Admin.csproj", "{5FAFCC15-206E-47DA-BD31-22F3F9E1BFF7}"
EndProject
Global
	GlobalSection(SolutionConfigurationPlatforms) = preSolution
		Debug|Any CPU = Debug|Any CPU
		Release|Any CPU = Release|Any CPU
	EndGlobalSection
	GlobalSection(ProjectConfigurationPlatforms) = postSolution
		{B4A0317D-BB2F-4BC9-A3BE-1418F7B14FA3}.Debug|Any CPU.ActiveCfg = Debug|Any CPU
		{B4A0317D-BB2F-4BC9-A3BE-1418F7B14FA3}.Debug|Any CPU.Build.0 = Debug|Any CPU
		{B4A0317D-BB2F-4BC9-A3BE-1418F7B14FA3}.Release|Any CPU.ActiveCfg = Release|Any CPU
		{B4A0317D-BB2F-4BC9-A3BE-1418F7B14FA3}.Release|Any CPU.Build.0 = Release|Any CPU
		{5FAFCC15-206E-47DA-BD31-22F3F9E1BFF7}.Debug|Any CPU.ActiveCfg = Debug|Any CPU
		{5FAFCC15-206E-47DA-BD31-22F3F9E1BFF7}.Debug|Any CPU.Build.0 = Debug|Any CPU
		{5FAFCC15-206E-47DA-BD31-22F3F9E1BFF7}.Release|Any CPU.ActiveCfg = Release|Any CPU
		{5FAFCC15-206E-47DA-BD31-22F3F9E1BFF7}.Release|Any CPU.Build.0 = Release|Any CPU
	EndGlobalSection
	GlobalSection(SolutionProperties) = preSolution
		HideSolutionNode = FALSE
	EndGlobalSection
	GlobalSection(ExtensibilityGlobals) = postSolution
		SolutionGuid = {62FF8346-483B-4BC7-BDEB-649D640F9D26}
	EndGlobalSection
EndGlobal
